// !$*UTF8*$!
{
	archiveVersion = 1;
	classes = {
	};
	objectVersion = 50;
	objects = {

/* Begin PBXBuildFile section */
		E22A5D7924D86A3100C28C8E /* PersistentContainer.swift in Sources */ = {isa = PBXBuildFile; fileRef = E22A5D7824D86A3100C28C8E /* PersistentContainer.swift */; };
		E22A5D7B24D86D7300C28C8E /* PhotoModelCoreData.swift in Sources */ = {isa = PBXBuildFile; fileRef = E22A5D7A24D86D7300C28C8E /* PhotoModelCoreData.swift */; };
		E22A5D8024D875BF00C28C8E /* GalleryViewModel.swift in Sources */ = {isa = PBXBuildFile; fileRef = E22A5D7F24D875BF00C28C8E /* GalleryViewModel.swift */; };
		E22A5D8524DB32CB00C28C8E /* MenuBar.swift in Sources */ = {isa = PBXBuildFile; fileRef = E22A5D8424DB32CB00C28C8E /* MenuBar.swift */; };
		E252F17C24CCDA9C00B19DEF /* PexelsImage.swift in Sources */ = {isa = PBXBuildFile; fileRef = E252F17B24CCDA9C00B19DEF /* PexelsImage.swift */; };
		E252F17E24CCDAE000B19DEF /* CoreDataManager.swift in Sources */ = {isa = PBXBuildFile; fileRef = E252F17D24CCDAE000B19DEF /* CoreDataManager.swift */; };
		E252F18024CCDF5300B19DEF /* SearchImageViewModel.swift in Sources */ = {isa = PBXBuildFile; fileRef = E252F17F24CCDF5300B19DEF /* SearchImageViewModel.swift */; };
		E280F4EF24C7174E00A3E006 /* SearchImageCell.swift in Sources */ = {isa = PBXBuildFile; fileRef = E280F4EE24C7174E00A3E006 /* SearchImageCell.swift */; };
		E280F4F124C7179600A3E006 /* SearchImageCell.xib in Resources */ = {isa = PBXBuildFile; fileRef = E280F4F024C7179600A3E006 /* SearchImageCell.xib */; };
		E2A0506824CE2FB300A5A6C3 /* PhotoPresenterViewController.swift in Sources */ = {isa = PBXBuildFile; fileRef = E2A0506624CE2FB300A5A6C3 /* PhotoPresenterViewController.swift */; };
		E2A0506E24CE345700A5A6C3 /* PhotoPresenterLayout.swift in Sources */ = {isa = PBXBuildFile; fileRef = E2A0506D24CE345700A5A6C3 /* PhotoPresenterLayout.swift */; };
		E2A0507224CE359800A5A6C3 /* PhotoPresenterCell.swift in Sources */ = {isa = PBXBuildFile; fileRef = E2A0507024CE359800A5A6C3 /* PhotoPresenterCell.swift */; };
		E2A0507324CE359800A5A6C3 /* PhotoPresenterCell.xib in Resources */ = {isa = PBXBuildFile; fileRef = E2A0507124CE359800A5A6C3 /* PhotoPresenterCell.xib */; };
		E2A0507724CE376600A5A6C3 /* PhotoPresenterViewModel.swift in Sources */ = {isa = PBXBuildFile; fileRef = E2A0507624CE376600A5A6C3 /* PhotoPresenterViewModel.swift */; };
		E2AE852324DB840B0029F7B7 /* PresenterPhotoModel.swift in Sources */ = {isa = PBXBuildFile; fileRef = E2AE852224DB840B0029F7B7 /* PresenterPhotoModel.swift */; };
		E2B860C424CCA75300260ECC /* ExtensionView.swift in Sources */ = {isa = PBXBuildFile; fileRef = E2B860C324CCA75300260ECC /* ExtensionView.swift */; };
		E2B860CD24CCBA8E00260ECC /* GalleryViewController.swift in Sources */ = {isa = PBXBuildFile; fileRef = E2B860CC24CCBA8D00260ECC /* GalleryViewController.swift */; };
		E2B860CF24CCBAA800260ECC /* GalleryViewController.storyboard in Resources */ = {isa = PBXBuildFile; fileRef = E2B860CE24CCBAA800260ECC /* GalleryViewController.storyboard */; };
		E2BEA42324C860AE00715CB2 /* RxBlocking.framework in Frameworks */ = {isa = PBXBuildFile; fileRef = E2BEA42224C860AE00715CB2 /* RxBlocking.framework */; };
		E2BEA42424C860AE00715CB2 /* RxBlocking.framework in Embed Frameworks */ = {isa = PBXBuildFile; fileRef = E2BEA42224C860AE00715CB2 /* RxBlocking.framework */; settings = {ATTRIBUTES = (CodeSignOnCopy, RemoveHeadersOnCopy, ); }; };
		E2BEA42724C860B000715CB2 /* RxCocoa.framework in Frameworks */ = {isa = PBXBuildFile; fileRef = E2BEA42624C860B000715CB2 /* RxCocoa.framework */; };
		E2BEA42824C860B000715CB2 /* RxCocoa.framework in Embed Frameworks */ = {isa = PBXBuildFile; fileRef = E2BEA42624C860B000715CB2 /* RxCocoa.framework */; settings = {ATTRIBUTES = (CodeSignOnCopy, RemoveHeadersOnCopy, ); }; };
		E2BEA42A24C860B300715CB2 /* RxRelay.framework in Frameworks */ = {isa = PBXBuildFile; fileRef = E2BEA42924C860B300715CB2 /* RxRelay.framework */; };
		E2BEA42B24C860B300715CB2 /* RxRelay.framework in Embed Frameworks */ = {isa = PBXBuildFile; fileRef = E2BEA42924C860B300715CB2 /* RxRelay.framework */; settings = {ATTRIBUTES = (CodeSignOnCopy, RemoveHeadersOnCopy, ); }; };
		E2BEA42D24C860B600715CB2 /* RxSwift.framework in Frameworks */ = {isa = PBXBuildFile; fileRef = E2BEA42C24C860B600715CB2 /* RxSwift.framework */; };
		E2BEA42E24C860B600715CB2 /* RxSwift.framework in Embed Frameworks */ = {isa = PBXBuildFile; fileRef = E2BEA42C24C860B600715CB2 /* RxSwift.framework */; settings = {ATTRIBUTES = (CodeSignOnCopy, RemoveHeadersOnCopy, ); }; };
		E2DF484F24D3488C0073C35B /* HTTPMethod.swift in Sources */ = {isa = PBXBuildFile; fileRef = E2DF484E24D3488C0073C35B /* HTTPMethod.swift */; };
		E2DF485124D348D80073C35B /* Router.swift in Sources */ = {isa = PBXBuildFile; fileRef = E2DF485024D348D80073C35B /* Router.swift */; };
		E2DF485324D34B300073C35B /* URLParameterEncoder.swift in Sources */ = {isa = PBXBuildFile; fileRef = E2DF485224D34B300073C35B /* URLParameterEncoder.swift */; };
		E2DF485724D350800073C35B /* HTTPTask.swift in Sources */ = {isa = PBXBuildFile; fileRef = E2DF485624D350800073C35B /* HTTPTask.swift */; };
		E2DF485924D3517A0073C35B /* ParametersEncoding.swift in Sources */ = {isa = PBXBuildFile; fileRef = E2DF485824D3517A0073C35B /* ParametersEncoding.swift */; };
		E2DF485B24D353EF0073C35B /* NetworkError.swift in Sources */ = {isa = PBXBuildFile; fileRef = E2DF485A24D353EF0073C35B /* NetworkError.swift */; };
		E2DF485F24D3564A0073C35B /* EndPointType.swift in Sources */ = {isa = PBXBuildFile; fileRef = E2DF485E24D3564A0073C35B /* EndPointType.swift */; };
		E2DF486124D35D7A0073C35B /* PexelEndPoint.swift in Sources */ = {isa = PBXBuildFile; fileRef = E2DF486024D35D7A0073C35B /* PexelEndPoint.swift */; };
		E2DF486324D35D910073C35B /* NetworkManager.swift in Sources */ = {isa = PBXBuildFile; fileRef = E2DF486224D35D910073C35B /* NetworkManager.swift */; };
		E2EE663824C386B40072EA11 /* AppDelegate.swift in Sources */ = {isa = PBXBuildFile; fileRef = E2EE663724C386B40072EA11 /* AppDelegate.swift */; };
		E2EE663A24C386B40072EA11 /* SceneDelegate.swift in Sources */ = {isa = PBXBuildFile; fileRef = E2EE663924C386B40072EA11 /* SceneDelegate.swift */; };
		E2EE664224C386B40072EA11 /* ImageDownloader.xcdatamodeld in Sources */ = {isa = PBXBuildFile; fileRef = E2EE664024C386B40072EA11 /* ImageDownloader.xcdatamodeld */; };
		E2EE664424C386B90072EA11 /* Assets.xcassets in Resources */ = {isa = PBXBuildFile; fileRef = E2EE664324C386B90072EA11 /* Assets.xcassets */; };
		E2EE664724C386B90072EA11 /* LaunchScreen.storyboard in Resources */ = {isa = PBXBuildFile; fileRef = E2EE664524C386B90072EA11 /* LaunchScreen.storyboard */; };
		E2EE665224C386B90072EA11 /* ImageDownloaderTests.swift in Sources */ = {isa = PBXBuildFile; fileRef = E2EE665124C386B90072EA11 /* ImageDownloaderTests.swift */; };
		E2EE665D24C386B90072EA11 /* ImageDownloaderUITests.swift in Sources */ = {isa = PBXBuildFile; fileRef = E2EE665C24C386B90072EA11 /* ImageDownloaderUITests.swift */; };
		E2EE666F24C394470072EA11 /* SearchImageCollectionViewLayout.swift in Sources */ = {isa = PBXBuildFile; fileRef = E2EE666E24C394470072EA11 /* SearchImageCollectionViewLayout.swift */; };
		E2FBB27624D75635006190EB /* SearchImageVC.swift in Sources */ = {isa = PBXBuildFile; fileRef = E2FBB27524D75635006190EB /* SearchImageVC.swift */; };
		E2FBB27824D75646006190EB /* SearchImageVC.storyboard in Resources */ = {isa = PBXBuildFile; fileRef = E2FBB27724D75646006190EB /* SearchImageVC.storyboard */; };
		E2FBB27F24D86364006190EB /* GalleryCell.swift in Sources */ = {isa = PBXBuildFile; fileRef = E2FBB27D24D86364006190EB /* GalleryCell.swift */; };
		E2FBB28024D86364006190EB /* GalleryCell.xib in Resources */ = {isa = PBXBuildFile; fileRef = E2FBB27E24D86364006190EB /* GalleryCell.xib */; };
/* End PBXBuildFile section */

/* Begin PBXContainerItemProxy section */
		E2EE664E24C386B90072EA11 /* PBXContainerItemProxy */ = {
			isa = PBXContainerItemProxy;
			containerPortal = E2EE662C24C386B40072EA11 /* Project object */;
			proxyType = 1;
			remoteGlobalIDString = E2EE663324C386B40072EA11;
			remoteInfo = ImageDownloader;
		};
		E2EE665924C386B90072EA11 /* PBXContainerItemProxy */ = {
			isa = PBXContainerItemProxy;
			containerPortal = E2EE662C24C386B40072EA11 /* Project object */;
			proxyType = 1;
			remoteGlobalIDString = E2EE663324C386B40072EA11;
			remoteInfo = ImageDownloader;
		};
/* End PBXContainerItemProxy section */

/* Begin PBXCopyFilesBuildPhase section */
		E2BEA42524C860AE00715CB2 /* Embed Frameworks */ = {
			isa = PBXCopyFilesBuildPhase;
			buildActionMask = 2147483647;
			dstPath = "";
			dstSubfolderSpec = 10;
			files = (
				E2BEA42E24C860B600715CB2 /* RxSwift.framework in Embed Frameworks */,
				E2BEA42824C860B000715CB2 /* RxCocoa.framework in Embed Frameworks */,
				E2BEA42424C860AE00715CB2 /* RxBlocking.framework in Embed Frameworks */,
				E2BEA42B24C860B300715CB2 /* RxRelay.framework in Embed Frameworks */,
			);
			name = "Embed Frameworks";
			runOnlyForDeploymentPostprocessing = 0;
		};
/* End PBXCopyFilesBuildPhase section */

/* Begin PBXFileReference section */
		E22A5D7824D86A3100C28C8E /* PersistentContainer.swift */ = {isa = PBXFileReference; lastKnownFileType = sourcecode.swift; path = PersistentContainer.swift; sourceTree = "<group>"; };
		E22A5D7A24D86D7300C28C8E /* PhotoModelCoreData.swift */ = {isa = PBXFileReference; lastKnownFileType = sourcecode.swift; path = PhotoModelCoreData.swift; sourceTree = "<group>"; };
		E22A5D7F24D875BF00C28C8E /* GalleryViewModel.swift */ = {isa = PBXFileReference; lastKnownFileType = sourcecode.swift; path = GalleryViewModel.swift; sourceTree = "<group>"; };
		E22A5D8424DB32CB00C28C8E /* MenuBar.swift */ = {isa = PBXFileReference; lastKnownFileType = sourcecode.swift; path = MenuBar.swift; sourceTree = "<group>"; };
		E252F17B24CCDA9C00B19DEF /* PexelsImage.swift */ = {isa = PBXFileReference; lastKnownFileType = sourcecode.swift; path = PexelsImage.swift; sourceTree = "<group>"; };
		E252F17D24CCDAE000B19DEF /* CoreDataManager.swift */ = {isa = PBXFileReference; lastKnownFileType = sourcecode.swift; path = CoreDataManager.swift; sourceTree = "<group>"; };
		E252F17F24CCDF5300B19DEF /* SearchImageViewModel.swift */ = {isa = PBXFileReference; lastKnownFileType = sourcecode.swift; path = SearchImageViewModel.swift; sourceTree = "<group>"; };
		E280F4EE24C7174E00A3E006 /* SearchImageCell.swift */ = {isa = PBXFileReference; lastKnownFileType = sourcecode.swift; path = SearchImageCell.swift; sourceTree = "<group>"; };
		E280F4F024C7179600A3E006 /* SearchImageCell.xib */ = {isa = PBXFileReference; lastKnownFileType = file.xib; path = SearchImageCell.xib; sourceTree = "<group>"; };
		E2A0506624CE2FB300A5A6C3 /* PhotoPresenterViewController.swift */ = {isa = PBXFileReference; lastKnownFileType = sourcecode.swift; path = PhotoPresenterViewController.swift; sourceTree = "<group>"; };
		E2A0506D24CE345700A5A6C3 /* PhotoPresenterLayout.swift */ = {isa = PBXFileReference; lastKnownFileType = sourcecode.swift; path = PhotoPresenterLayout.swift; sourceTree = "<group>"; };
		E2A0507024CE359800A5A6C3 /* PhotoPresenterCell.swift */ = {isa = PBXFileReference; lastKnownFileType = sourcecode.swift; path = PhotoPresenterCell.swift; sourceTree = "<group>"; };
		E2A0507124CE359800A5A6C3 /* PhotoPresenterCell.xib */ = {isa = PBXFileReference; lastKnownFileType = file.xib; path = PhotoPresenterCell.xib; sourceTree = "<group>"; };
		E2A0507624CE376600A5A6C3 /* PhotoPresenterViewModel.swift */ = {isa = PBXFileReference; lastKnownFileType = sourcecode.swift; path = PhotoPresenterViewModel.swift; sourceTree = "<group>"; };
		E2AE852224DB840B0029F7B7 /* PresenterPhotoModel.swift */ = {isa = PBXFileReference; lastKnownFileType = sourcecode.swift; path = PresenterPhotoModel.swift; sourceTree = "<group>"; };
		E2B860C324CCA75300260ECC /* ExtensionView.swift */ = {isa = PBXFileReference; lastKnownFileType = sourcecode.swift; path = ExtensionView.swift; sourceTree = "<group>"; };
		E2B860CC24CCBA8D00260ECC /* GalleryViewController.swift */ = {isa = PBXFileReference; lastKnownFileType = sourcecode.swift; path = GalleryViewController.swift; sourceTree = "<group>"; };
		E2B860CE24CCBAA800260ECC /* GalleryViewController.storyboard */ = {isa = PBXFileReference; lastKnownFileType = file.storyboard; path = GalleryViewController.storyboard; sourceTree = "<group>"; };
		E2BEA42224C860AE00715CB2 /* RxBlocking.framework */ = {isa = PBXFileReference; lastKnownFileType = wrapper.framework; name = RxBlocking.framework; path = Carthage/Build/iOS/RxBlocking.framework; sourceTree = "<group>"; };
		E2BEA42624C860B000715CB2 /* RxCocoa.framework */ = {isa = PBXFileReference; lastKnownFileType = wrapper.framework; name = RxCocoa.framework; path = Carthage/Build/iOS/RxCocoa.framework; sourceTree = "<group>"; };
		E2BEA42924C860B300715CB2 /* RxRelay.framework */ = {isa = PBXFileReference; lastKnownFileType = wrapper.framework; name = RxRelay.framework; path = Carthage/Build/iOS/RxRelay.framework; sourceTree = "<group>"; };
		E2BEA42C24C860B600715CB2 /* RxSwift.framework */ = {isa = PBXFileReference; lastKnownFileType = wrapper.framework; name = RxSwift.framework; path = Carthage/Build/iOS/RxSwift.framework; sourceTree = "<group>"; };
		E2DF484E24D3488C0073C35B /* HTTPMethod.swift */ = {isa = PBXFileReference; lastKnownFileType = sourcecode.swift; path = HTTPMethod.swift; sourceTree = "<group>"; };
		E2DF485024D348D80073C35B /* Router.swift */ = {isa = PBXFileReference; lastKnownFileType = sourcecode.swift; path = Router.swift; sourceTree = "<group>"; };
		E2DF485224D34B300073C35B /* URLParameterEncoder.swift */ = {isa = PBXFileReference; lastKnownFileType = sourcecode.swift; path = URLParameterEncoder.swift; sourceTree = "<group>"; };
		E2DF485624D350800073C35B /* HTTPTask.swift */ = {isa = PBXFileReference; lastKnownFileType = sourcecode.swift; path = HTTPTask.swift; sourceTree = "<group>"; };
		E2DF485824D3517A0073C35B /* ParametersEncoding.swift */ = {isa = PBXFileReference; lastKnownFileType = sourcecode.swift; path = ParametersEncoding.swift; sourceTree = "<group>"; };
		E2DF485A24D353EF0073C35B /* NetworkError.swift */ = {isa = PBXFileReference; lastKnownFileType = sourcecode.swift; path = NetworkError.swift; sourceTree = "<group>"; };
		E2DF485E24D3564A0073C35B /* EndPointType.swift */ = {isa = PBXFileReference; lastKnownFileType = sourcecode.swift; path = EndPointType.swift; sourceTree = "<group>"; };
		E2DF486024D35D7A0073C35B /* PexelEndPoint.swift */ = {isa = PBXFileReference; lastKnownFileType = sourcecode.swift; path = PexelEndPoint.swift; sourceTree = "<group>"; };
		E2DF486224D35D910073C35B /* NetworkManager.swift */ = {isa = PBXFileReference; lastKnownFileType = sourcecode.swift; path = NetworkManager.swift; sourceTree = "<group>"; };
		E2EE663424C386B40072EA11 /* ImageDownloader.app */ = {isa = PBXFileReference; explicitFileType = wrapper.application; includeInIndex = 0; path = ImageDownloader.app; sourceTree = BUILT_PRODUCTS_DIR; };
		E2EE663724C386B40072EA11 /* AppDelegate.swift */ = {isa = PBXFileReference; lastKnownFileType = sourcecode.swift; path = AppDelegate.swift; sourceTree = "<group>"; };
		E2EE663924C386B40072EA11 /* SceneDelegate.swift */ = {isa = PBXFileReference; lastKnownFileType = sourcecode.swift; path = SceneDelegate.swift; sourceTree = "<group>"; };
		E2EE664124C386B40072EA11 /* ImageDownloader.xcdatamodel */ = {isa = PBXFileReference; lastKnownFileType = wrapper.xcdatamodel; path = ImageDownloader.xcdatamodel; sourceTree = "<group>"; };
		E2EE664324C386B90072EA11 /* Assets.xcassets */ = {isa = PBXFileReference; lastKnownFileType = folder.assetcatalog; path = Assets.xcassets; sourceTree = "<group>"; };
		E2EE664624C386B90072EA11 /* Base */ = {isa = PBXFileReference; lastKnownFileType = file.storyboard; name = Base; path = Base.lproj/LaunchScreen.storyboard; sourceTree = "<group>"; };
		E2EE664824C386B90072EA11 /* Info.plist */ = {isa = PBXFileReference; lastKnownFileType = text.plist.xml; path = Info.plist; sourceTree = "<group>"; };
		E2EE664D24C386B90072EA11 /* ImageDownloaderTests.xctest */ = {isa = PBXFileReference; explicitFileType = wrapper.cfbundle; includeInIndex = 0; path = ImageDownloaderTests.xctest; sourceTree = BUILT_PRODUCTS_DIR; };
		E2EE665124C386B90072EA11 /* ImageDownloaderTests.swift */ = {isa = PBXFileReference; lastKnownFileType = sourcecode.swift; path = ImageDownloaderTests.swift; sourceTree = "<group>"; };
		E2EE665324C386B90072EA11 /* Info.plist */ = {isa = PBXFileReference; lastKnownFileType = text.plist.xml; path = Info.plist; sourceTree = "<group>"; };
		E2EE665824C386B90072EA11 /* ImageDownloaderUITests.xctest */ = {isa = PBXFileReference; explicitFileType = wrapper.cfbundle; includeInIndex = 0; path = ImageDownloaderUITests.xctest; sourceTree = BUILT_PRODUCTS_DIR; };
		E2EE665C24C386B90072EA11 /* ImageDownloaderUITests.swift */ = {isa = PBXFileReference; lastKnownFileType = sourcecode.swift; path = ImageDownloaderUITests.swift; sourceTree = "<group>"; };
		E2EE665E24C386B90072EA11 /* Info.plist */ = {isa = PBXFileReference; lastKnownFileType = text.plist.xml; path = Info.plist; sourceTree = "<group>"; };
		E2EE666E24C394470072EA11 /* SearchImageCollectionViewLayout.swift */ = {isa = PBXFileReference; lastKnownFileType = sourcecode.swift; path = SearchImageCollectionViewLayout.swift; sourceTree = "<group>"; };
		E2FBB27524D75635006190EB /* SearchImageVC.swift */ = {isa = PBXFileReference; lastKnownFileType = sourcecode.swift; path = SearchImageVC.swift; sourceTree = "<group>"; };
		E2FBB27724D75646006190EB /* SearchImageVC.storyboard */ = {isa = PBXFileReference; lastKnownFileType = file.storyboard; path = SearchImageVC.storyboard; sourceTree = "<group>"; };
		E2FBB27D24D86364006190EB /* GalleryCell.swift */ = {isa = PBXFileReference; lastKnownFileType = sourcecode.swift; path = GalleryCell.swift; sourceTree = "<group>"; };
		E2FBB27E24D86364006190EB /* GalleryCell.xib */ = {isa = PBXFileReference; lastKnownFileType = file.xib; path = GalleryCell.xib; sourceTree = "<group>"; };
/* End PBXFileReference section */

/* Begin PBXFrameworksBuildPhase section */
		E2EE663124C386B40072EA11 /* Frameworks */ = {
			isa = PBXFrameworksBuildPhase;
			buildActionMask = 2147483647;
			files = (
				E2BEA42D24C860B600715CB2 /* RxSwift.framework in Frameworks */,
				E2BEA42724C860B000715CB2 /* RxCocoa.framework in Frameworks */,
				E2BEA42324C860AE00715CB2 /* RxBlocking.framework in Frameworks */,
				E2BEA42A24C860B300715CB2 /* RxRelay.framework in Frameworks */,
			);
			runOnlyForDeploymentPostprocessing = 0;
		};
		E2EE664A24C386B90072EA11 /* Frameworks */ = {
			isa = PBXFrameworksBuildPhase;
			buildActionMask = 2147483647;
			files = (
			);
			runOnlyForDeploymentPostprocessing = 0;
		};
		E2EE665524C386B90072EA11 /* Frameworks */ = {
			isa = PBXFrameworksBuildPhase;
			buildActionMask = 2147483647;
			files = (
			);
			runOnlyForDeploymentPostprocessing = 0;
		};
/* End PBXFrameworksBuildPhase section */

/* Begin PBXGroup section */
		E22A5D7C24D86D7900C28C8E /* Model */ = {
			isa = PBXGroup;
			children = (
				E22A5D7A24D86D7300C28C8E /* PhotoModelCoreData.swift */,
			);
			name = Model;
			sourceTree = "<group>";
		};
		E22A5D7D24D875A900C28C8E /* View */ = {
			isa = PBXGroup;
			children = (
				E2B860CC24CCBA8D00260ECC /* GalleryViewController.swift */,
				E2B860CE24CCBAA800260ECC /* GalleryViewController.storyboard */,
			);
			name = View;
			sourceTree = "<group>";
		};
		E22A5D7E24D875B000C28C8E /* GalleryViewModel */ = {
			isa = PBXGroup;
			children = (
				E22A5D7F24D875BF00C28C8E /* GalleryViewModel.swift */,
			);
			name = GalleryViewModel;
			sourceTree = "<group>";
		};
		E22A5D8324DB32AF00C28C8E /* MenuBar */ = {
			isa = PBXGroup;
			children = (
				E22A5D8424DB32CB00C28C8E /* MenuBar.swift */,
			);
			name = MenuBar;
			sourceTree = "<group>";
		};
		E252F17824CCDA3A00B19DEF /* View */ = {
			isa = PBXGroup;
			children = (
				E2FBB27524D75635006190EB /* SearchImageVC.swift */,
				E2FBB27724D75646006190EB /* SearchImageVC.storyboard */,
			);
			path = View;
			sourceTree = "<group>";
		};
		E252F17924CCDA5F00B19DEF /* Model */ = {
			isa = PBXGroup;
			children = (
				E252F17B24CCDA9C00B19DEF /* PexelsImage.swift */,
			);
			path = Model;
			sourceTree = "<group>";
		};
		E252F17A24CCDA6500B19DEF /* ViewModel */ = {
			isa = PBXGroup;
			children = (
				E252F17F24CCDF5300B19DEF /* SearchImageViewModel.swift */,
			);
			path = ViewModel;
			sourceTree = "<group>";
		};
		E280F4ED24C7171D00A3E006 /* SearchCellView */ = {
			isa = PBXGroup;
			children = (
				E280F4EE24C7174E00A3E006 /* SearchImageCell.swift */,
				E280F4F024C7179600A3E006 /* SearchImageCell.xib */,
			);
			path = SearchCellView;
			sourceTree = "<group>";
		};
		E2A0506524CE2F9200A5A6C3 /* PhotoPresenter */ = {
			isa = PBXGroup;
			children = (
				E2AE852124DB83FE0029F7B7 /* Model */,
				E2A0507524CE374B00A5A6C3 /* ViewModel */,
				E2A0506A24CE2FBC00A5A6C3 /* View */,
			);
			name = PhotoPresenter;
			sourceTree = "<group>";
		};
		E2A0506A24CE2FBC00A5A6C3 /* View */ = {
			isa = PBXGroup;
			children = (
				E2A0506624CE2FB300A5A6C3 /* PhotoPresenterViewController.swift */,
				E22A5D8324DB32AF00C28C8E /* MenuBar */,
			);
			name = View;
			sourceTree = "<group>";
		};
		E2A0506F24CE357800A5A6C3 /* PhotoPresenterCell */ = {
			isa = PBXGroup;
			children = (
				E2A0507024CE359800A5A6C3 /* PhotoPresenterCell.swift */,
				E2A0507124CE359800A5A6C3 /* PhotoPresenterCell.xib */,
			);
			path = PhotoPresenterCell;
			sourceTree = "<group>";
		};
		E2A0507424CE359E00A5A6C3 /* Cells */ = {
			isa = PBXGroup;
			children = (
				E2FBB27C24D8633F006190EB /* GalleryCell */,
				E280F4ED24C7171D00A3E006 /* SearchCellView */,
				E2A0506F24CE357800A5A6C3 /* PhotoPresenterCell */,
			);
			path = Cells;
			sourceTree = "<group>";
		};
		E2A0507524CE374B00A5A6C3 /* ViewModel */ = {
			isa = PBXGroup;
			children = (
				E2A0507624CE376600A5A6C3 /* PhotoPresenterViewModel.swift */,
			);
			name = ViewModel;
			sourceTree = "<group>";
		};
		E2AE852124DB83FE0029F7B7 /* Model */ = {
			isa = PBXGroup;
			children = (
				E2AE852224DB840B0029F7B7 /* PresenterPhotoModel.swift */,
			);
			name = Model;
			sourceTree = "<group>";
		};
		E2B860C524CCA75700260ECC /* Helper */ = {
			isa = PBXGroup;
			children = (
				E2B860C624CCA76000260ECC /* Extension */,
			);
			name = Helper;
			sourceTree = "<group>";
		};
		E2B860C624CCA76000260ECC /* Extension */ = {
			isa = PBXGroup;
			children = (
				E2B860C324CCA75300260ECC /* ExtensionView.swift */,
			);
			name = Extension;
			sourceTree = "<group>";
		};
		E2B860D024CCBAAE00260ECC /* Gallery */ = {
			isa = PBXGroup;
			children = (
				E22A5D7E24D875B000C28C8E /* GalleryViewModel */,
				E22A5D7D24D875A900C28C8E /* View */,
			);
			name = Gallery;
			sourceTree = "<group>";
		};
		E2BEA42124C860AE00715CB2 /* Frameworks */ = {
			isa = PBXGroup;
			children = (
				E2BEA42C24C860B600715CB2 /* RxSwift.framework */,
				E2BEA42924C860B300715CB2 /* RxRelay.framework */,
				E2BEA42624C860B000715CB2 /* RxCocoa.framework */,
				E2BEA42224C860AE00715CB2 /* RxBlocking.framework */,
			);
			name = Frameworks;
			sourceTree = "<group>";
		};
		E2D3EFE824CC5F7F0092BB6A /* CoreData Layer */ = {
			isa = PBXGroup;
			children = (
				E22A5D7824D86A3100C28C8E /* PersistentContainer.swift */,
				E252F17D24CCDAE000B19DEF /* CoreDataManager.swift */,
				E22A5D7C24D86D7900C28C8E /* Model */,
			);
			name = "CoreData Layer";
			sourceTree = "<group>";
		};
		E2D3EFE924CC5F860092BB6A /* Supporting Files */ = {
			isa = PBXGroup;
			children = (
				E2B860C524CCA75700260ECC /* Helper */,
				E2EE666D24C3942E0072EA11 /* Layouts */,
				E2A0507424CE359E00A5A6C3 /* Cells */,
				E2EE664324C386B90072EA11 /* Assets.xcassets */,
				E2EE664524C386B90072EA11 /* LaunchScreen.storyboard */,
				E2EE664824C386B90072EA11 /* Info.plist */,
			);
			name = "Supporting Files";
			sourceTree = "<group>";
		};
		E2DF484D24D3485C0073C35B /* Network Layer */ = {
			isa = PBXGroup;
			children = (
				E2DF486424D35D980073C35B /* EndPoint */,
				E2DF486524D35D9F0073C35B /* Manager */,
				E2DF485C24D356270073C35B /* Encoding */,
				E2DF485D24D356330073C35B /* Service */,
			);
			name = "Network Layer";
			sourceTree = "<group>";
		};
		E2DF485C24D356270073C35B /* Encoding */ = {
			isa = PBXGroup;
			children = (
				E2DF485224D34B300073C35B /* URLParameterEncoder.swift */,
				E2DF485824D3517A0073C35B /* ParametersEncoding.swift */,
			);
			name = Encoding;
			sourceTree = "<group>";
		};
		E2DF485D24D356330073C35B /* Service */ = {
			isa = PBXGroup;
			children = (
				E2DF485024D348D80073C35B /* Router.swift */,
				E2DF484E24D3488C0073C35B /* HTTPMethod.swift */,
				E2DF485624D350800073C35B /* HTTPTask.swift */,
				E2DF485E24D3564A0073C35B /* EndPointType.swift */,
				E2DF485A24D353EF0073C35B /* NetworkError.swift */,
			);
			name = Service;
			sourceTree = "<group>";
		};
		E2DF486424D35D980073C35B /* EndPoint */ = {
			isa = PBXGroup;
			children = (
				E2DF486024D35D7A0073C35B /* PexelEndPoint.swift */,
			);
			name = EndPoint;
			sourceTree = "<group>";
		};
		E2DF486524D35D9F0073C35B /* Manager */ = {
			isa = PBXGroup;
			children = (
				E2DF486224D35D910073C35B /* NetworkManager.swift */,
			);
			name = Manager;
			sourceTree = "<group>";
		};
		E2EE662B24C386B40072EA11 = {
			isa = PBXGroup;
			children = (
				E2EE663624C386B40072EA11 /* ImageDownloader */,
				E2EE665024C386B90072EA11 /* ImageDownloaderTests */,
				E2EE665B24C386B90072EA11 /* ImageDownloaderUITests */,
				E2EE663524C386B40072EA11 /* Products */,
				E2BEA42124C860AE00715CB2 /* Frameworks */,
			);
			sourceTree = "<group>";
		};
		E2EE663524C386B40072EA11 /* Products */ = {
			isa = PBXGroup;
			children = (
				E2EE663424C386B40072EA11 /* ImageDownloader.app */,
				E2EE664D24C386B90072EA11 /* ImageDownloaderTests.xctest */,
				E2EE665824C386B90072EA11 /* ImageDownloaderUITests.xctest */,
			);
			name = Products;
			sourceTree = "<group>";
		};
		E2EE663624C386B40072EA11 /* ImageDownloader */ = {
			isa = PBXGroup;
			children = (
				E2EE663724C386B40072EA11 /* AppDelegate.swift */,
				E2EE663924C386B40072EA11 /* SceneDelegate.swift */,
				E2DF484D24D3485C0073C35B /* Network Layer */,
				E2D3EFE824CC5F7F0092BB6A /* CoreData Layer */,
				E2FBB27424D5B0AB006190EB /* Modules */,
				E2D3EFE924CC5F860092BB6A /* Supporting Files */,
				E2EE664024C386B40072EA11 /* ImageDownloader.xcdatamodeld */,
			);
			path = ImageDownloader;
			sourceTree = "<group>";
		};
		E2EE665024C386B90072EA11 /* ImageDownloaderTests */ = {
			isa = PBXGroup;
			children = (
				E2EE665124C386B90072EA11 /* ImageDownloaderTests.swift */,
				E2EE665324C386B90072EA11 /* Info.plist */,
			);
			path = ImageDownloaderTests;
			sourceTree = "<group>";
		};
		E2EE665B24C386B90072EA11 /* ImageDownloaderUITests */ = {
			isa = PBXGroup;
			children = (
				E2EE665C24C386B90072EA11 /* ImageDownloaderUITests.swift */,
				E2EE665E24C386B90072EA11 /* Info.plist */,
			);
			path = ImageDownloaderUITests;
			sourceTree = "<group>";
		};
		E2EE666C24C38E4D0072EA11 /* SearchImageModule */ = {
			isa = PBXGroup;
			children = (
				E252F17A24CCDA6500B19DEF /* ViewModel */,
				E252F17924CCDA5F00B19DEF /* Model */,
				E252F17824CCDA3A00B19DEF /* View */,
			);
			path = SearchImageModule;
			sourceTree = "<group>";
		};
		E2EE666D24C3942E0072EA11 /* Layouts */ = {
			isa = PBXGroup;
			children = (
				E2EE666E24C394470072EA11 /* SearchImageCollectionViewLayout.swift */,
				E2A0506D24CE345700A5A6C3 /* PhotoPresenterLayout.swift */,
			);
			path = Layouts;
			sourceTree = "<group>";
		};
		E2FBB27424D5B0AB006190EB /* Modules */ = {
			isa = PBXGroup;
			children = (
				E2A0506524CE2F9200A5A6C3 /* PhotoPresenter */,
				E2B860D024CCBAAE00260ECC /* Gallery */,
				E2EE666C24C38E4D0072EA11 /* SearchImageModule */,
			);
			name = Modules;
			sourceTree = "<group>";
		};
		E2FBB27C24D8633F006190EB /* GalleryCell */ = {
			isa = PBXGroup;
			children = (
				E2FBB27D24D86364006190EB /* GalleryCell.swift */,
				E2FBB27E24D86364006190EB /* GalleryCell.xib */,
			);
			path = GalleryCell;
			sourceTree = "<group>";
		};
/* End PBXGroup section */

/* Begin PBXNativeTarget section */
		E2EE663324C386B40072EA11 /* ImageDownloader */ = {
			isa = PBXNativeTarget;
			buildConfigurationList = E2EE666124C386B90072EA11 /* Build configuration list for PBXNativeTarget "ImageDownloader" */;
			buildPhases = (
				E21E347924C6CB44009D2D53 /* ShellScript */,
				E2EE663024C386B40072EA11 /* Sources */,
				E2EE663124C386B40072EA11 /* Frameworks */,
				E2EE663224C386B40072EA11 /* Resources */,
				E2BEA42024C8607700715CB2 /* ShellScript */,
				E2BEA42524C860AE00715CB2 /* Embed Frameworks */,
			);
			buildRules = (
			);
			dependencies = (
			);
			name = ImageDownloader;
			productName = ImageDownloader;
			productReference = E2EE663424C386B40072EA11 /* ImageDownloader.app */;
			productType = "com.apple.product-type.application";
		};
		E2EE664C24C386B90072EA11 /* ImageDownloaderTests */ = {
			isa = PBXNativeTarget;
			buildConfigurationList = E2EE666424C386B90072EA11 /* Build configuration list for PBXNativeTarget "ImageDownloaderTests" */;
			buildPhases = (
				E2EE664924C386B90072EA11 /* Sources */,
				E2EE664A24C386B90072EA11 /* Frameworks */,
				E2EE664B24C386B90072EA11 /* Resources */,
			);
			buildRules = (
			);
			dependencies = (
				E2EE664F24C386B90072EA11 /* PBXTargetDependency */,
			);
			name = ImageDownloaderTests;
			productName = ImageDownloaderTests;
			productReference = E2EE664D24C386B90072EA11 /* ImageDownloaderTests.xctest */;
			productType = "com.apple.product-type.bundle.unit-test";
		};
		E2EE665724C386B90072EA11 /* ImageDownloaderUITests */ = {
			isa = PBXNativeTarget;
			buildConfigurationList = E2EE666724C386B90072EA11 /* Build configuration list for PBXNativeTarget "ImageDownloaderUITests" */;
			buildPhases = (
				E2EE665424C386B90072EA11 /* Sources */,
				E2EE665524C386B90072EA11 /* Frameworks */,
				E2EE665624C386B90072EA11 /* Resources */,
			);
			buildRules = (
			);
			dependencies = (
				E2EE665A24C386B90072EA11 /* PBXTargetDependency */,
			);
			name = ImageDownloaderUITests;
			productName = ImageDownloaderUITests;
			productReference = E2EE665824C386B90072EA11 /* ImageDownloaderUITests.xctest */;
			productType = "com.apple.product-type.bundle.ui-testing";
		};
/* End PBXNativeTarget section */

/* Begin PBXProject section */
		E2EE662C24C386B40072EA11 /* Project object */ = {
			isa = PBXProject;
			attributes = {
				LastSwiftUpdateCheck = 1150;
				LastUpgradeCheck = 1150;
				ORGANIZATIONNAME = "Astemir Shibzuhov";
				TargetAttributes = {
					E2EE663324C386B40072EA11 = {
						CreatedOnToolsVersion = 11.5;
					};
					E2EE664C24C386B90072EA11 = {
						CreatedOnToolsVersion = 11.5;
						TestTargetID = E2EE663324C386B40072EA11;
					};
					E2EE665724C386B90072EA11 = {
						CreatedOnToolsVersion = 11.5;
						TestTargetID = E2EE663324C386B40072EA11;
					};
				};
			};
			buildConfigurationList = E2EE662F24C386B40072EA11 /* Build configuration list for PBXProject "ImageDownloader" */;
			compatibilityVersion = "Xcode 9.3";
			developmentRegion = en;
			hasScannedForEncodings = 0;
			knownRegions = (
				en,
				Base,
			);
			mainGroup = E2EE662B24C386B40072EA11;
			productRefGroup = E2EE663524C386B40072EA11 /* Products */;
			projectDirPath = "";
			projectRoot = "";
			targets = (
				E2EE663324C386B40072EA11 /* ImageDownloader */,
				E2EE664C24C386B90072EA11 /* ImageDownloaderTests */,
				E2EE665724C386B90072EA11 /* ImageDownloaderUITests */,
			);
		};
/* End PBXProject section */

/* Begin PBXResourcesBuildPhase section */
		E2EE663224C386B40072EA11 /* Resources */ = {
			isa = PBXResourcesBuildPhase;
			buildActionMask = 2147483647;
			files = (
				E2FBB27824D75646006190EB /* SearchImageVC.storyboard in Resources */,
				E2FBB28024D86364006190EB /* GalleryCell.xib in Resources */,
				E2EE664724C386B90072EA11 /* LaunchScreen.storyboard in Resources */,
				E2A0507324CE359800A5A6C3 /* PhotoPresenterCell.xib in Resources */,
				E280F4F124C7179600A3E006 /* SearchImageCell.xib in Resources */,
				E2EE664424C386B90072EA11 /* Assets.xcassets in Resources */,
				E2B860CF24CCBAA800260ECC /* GalleryViewController.storyboard in Resources */,
			);
			runOnlyForDeploymentPostprocessing = 0;
		};
		E2EE664B24C386B90072EA11 /* Resources */ = {
			isa = PBXResourcesBuildPhase;
			buildActionMask = 2147483647;
			files = (
			);
			runOnlyForDeploymentPostprocessing = 0;
		};
		E2EE665624C386B90072EA11 /* Resources */ = {
			isa = PBXResourcesBuildPhase;
			buildActionMask = 2147483647;
			files = (
			);
			runOnlyForDeploymentPostprocessing = 0;
		};
/* End PBXResourcesBuildPhase section */

/* Begin PBXShellScriptBuildPhase section */
		E21E347924C6CB44009D2D53 /* ShellScript */ = {
			isa = PBXShellScriptBuildPhase;
			buildActionMask = 2147483647;
			files = (
			);
			inputFileListPaths = (
			);
			inputPaths = (
			);
			outputFileListPaths = (
			);
			outputPaths = (
			);
			runOnlyForDeploymentPostprocessing = 0;
			shellPath = /bin/sh;
			shellScript = "if which swiftlint >/dev/null; then\n  swiftlint\nelse\n  echo \"warning: SwiftLint not installed, download from https://github.com/realm/SwiftLint\"\nfi\n";
		};
		E2BEA42024C8607700715CB2 /* ShellScript */ = {
			isa = PBXShellScriptBuildPhase;
			buildActionMask = 2147483647;
			files = (
			);
			inputFileListPaths = (
			);
			inputPaths = (
				"$(SRCROOT)/Carthage/Build/iOS/RxSwift.framework",
				"$(SRCROOT)/Carthage/Build/iOS/RxRelay.framework",
				"$(SRCROOT)/Carthage/Build/iOS/RxCocoa.framework",
				"$(SRCROOT)/Carthage/Build/iOS/RxBlocking.framework",
			);
			outputFileListPaths = (
			);
			outputPaths = (
			);
			runOnlyForDeploymentPostprocessing = 0;
			shellPath = /bin/sh;
			shellScript = "/usr/local/bin/carthage copy-frameworks\n";
		};
/* End PBXShellScriptBuildPhase section */

/* Begin PBXSourcesBuildPhase section */
		E2EE663024C386B40072EA11 /* Sources */ = {
			isa = PBXSourcesBuildPhase;
			buildActionMask = 2147483647;
			files = (
				E22A5D8024D875BF00C28C8E /* GalleryViewModel.swift in Sources */,
				E2DF486124D35D7A0073C35B /* PexelEndPoint.swift in Sources */,
				E2A0506E24CE345700A5A6C3 /* PhotoPresenterLayout.swift in Sources */,
				E2FBB27624D75635006190EB /* SearchImageVC.swift in Sources */,
				E2A0506824CE2FB300A5A6C3 /* PhotoPresenterViewController.swift in Sources */,
				E2A0507724CE376600A5A6C3 /* PhotoPresenterViewModel.swift in Sources */,
				E280F4EF24C7174E00A3E006 /* SearchImageCell.swift in Sources */,
				E2EE663824C386B40072EA11 /* AppDelegate.swift in Sources */,
				E2FBB27F24D86364006190EB /* GalleryCell.swift in Sources */,
				E2DF485124D348D80073C35B /* Router.swift in Sources */,
				E2DF485F24D3564A0073C35B /* EndPointType.swift in Sources */,
				E2A0507224CE359800A5A6C3 /* PhotoPresenterCell.swift in Sources */,
				E2DF485B24D353EF0073C35B /* NetworkError.swift in Sources */,
				E22A5D8524DB32CB00C28C8E /* MenuBar.swift in Sources */,
				E2EE666F24C394470072EA11 /* SearchImageCollectionViewLayout.swift in Sources */,
				E2EE664224C386B40072EA11 /* ImageDownloader.xcdatamodeld in Sources */,
				E2DF485324D34B300073C35B /* URLParameterEncoder.swift in Sources */,
				E252F17C24CCDA9C00B19DEF /* PexelsImage.swift in Sources */,
				E2AE852324DB840B0029F7B7 /* PresenterPhotoModel.swift in Sources */,
				E2DF486324D35D910073C35B /* NetworkManager.swift in Sources */,
				E252F18024CCDF5300B19DEF /* SearchImageViewModel.swift in Sources */,
				E2EE663A24C386B40072EA11 /* SceneDelegate.swift in Sources */,
				E2DF484F24D3488C0073C35B /* HTTPMethod.swift in Sources */,
				E22A5D7B24D86D7300C28C8E /* PhotoModelCoreData.swift in Sources */,
				E2DF485924D3517A0073C35B /* ParametersEncoding.swift in Sources */,
				E2B860CD24CCBA8E00260ECC /* GalleryViewController.swift in Sources */,
				E2DF485724D350800073C35B /* HTTPTask.swift in Sources */,
				E2B860C424CCA75300260ECC /* ExtensionView.swift in Sources */,
				E252F17E24CCDAE000B19DEF /* CoreDataManager.swift in Sources */,
				E22A5D7924D86A3100C28C8E /* PersistentContainer.swift in Sources */,
			);
			runOnlyForDeploymentPostprocessing = 0;
		};
		E2EE664924C386B90072EA11 /* Sources */ = {
			isa = PBXSourcesBuildPhase;
			buildActionMask = 2147483647;
			files = (
				E2EE665224C386B90072EA11 /* ImageDownloaderTests.swift in Sources */,
			);
			runOnlyForDeploymentPostprocessing = 0;
		};
		E2EE665424C386B90072EA11 /* Sources */ = {
			isa = PBXSourcesBuildPhase;
			buildActionMask = 2147483647;
			files = (
				E2EE665D24C386B90072EA11 /* ImageDownloaderUITests.swift in Sources */,
			);
			runOnlyForDeploymentPostprocessing = 0;
		};
/* End PBXSourcesBuildPhase section */

/* Begin PBXTargetDependency section */
		E2EE664F24C386B90072EA11 /* PBXTargetDependency */ = {
			isa = PBXTargetDependency;
			target = E2EE663324C386B40072EA11 /* ImageDownloader */;
			targetProxy = E2EE664E24C386B90072EA11 /* PBXContainerItemProxy */;
		};
		E2EE665A24C386B90072EA11 /* PBXTargetDependency */ = {
			isa = PBXTargetDependency;
			target = E2EE663324C386B40072EA11 /* ImageDownloader */;
			targetProxy = E2EE665924C386B90072EA11 /* PBXContainerItemProxy */;
		};
/* End PBXTargetDependency section */

/* Begin PBXVariantGroup section */
		E2EE664524C386B90072EA11 /* LaunchScreen.storyboard */ = {
			isa = PBXVariantGroup;
			children = (
				E2EE664624C386B90072EA11 /* Base */,
			);
			name = LaunchScreen.storyboard;
			sourceTree = "<group>";
		};
/* End PBXVariantGroup section */

/* Begin XCBuildConfiguration section */
		E2EE665F24C386B90072EA11 /* Debug */ = {
			isa = XCBuildConfiguration;
			buildSettings = {
				ALWAYS_SEARCH_USER_PATHS = NO;
				CLANG_ANALYZER_NONNULL = YES;
				CLANG_ANALYZER_NUMBER_OBJECT_CONVERSION = YES_AGGRESSIVE;
				CLANG_CXX_LANGUAGE_STANDARD = "gnu++14";
				CLANG_CXX_LIBRARY = "libc++";
				CLANG_ENABLE_MODULES = YES;
				CLANG_ENABLE_OBJC_ARC = YES;
				CLANG_ENABLE_OBJC_WEAK = YES;
				CLANG_WARN_BLOCK_CAPTURE_AUTORELEASING = YES;
				CLANG_WARN_BOOL_CONVERSION = YES;
				CLANG_WARN_COMMA = YES;
				CLANG_WARN_CONSTANT_CONVERSION = YES;
				CLANG_WARN_DEPRECATED_OBJC_IMPLEMENTATIONS = YES;
				CLANG_WARN_DIRECT_OBJC_ISA_USAGE = YES_ERROR;
				CLANG_WARN_DOCUMENTATION_COMMENTS = YES;
				CLANG_WARN_EMPTY_BODY = YES;
				CLANG_WARN_ENUM_CONVERSION = YES;
				CLANG_WARN_INFINITE_RECURSION = YES;
				CLANG_WARN_INT_CONVERSION = YES;
				CLANG_WARN_NON_LITERAL_NULL_CONVERSION = YES;
				CLANG_WARN_OBJC_IMPLICIT_RETAIN_SELF = YES;
				CLANG_WARN_OBJC_LITERAL_CONVERSION = YES;
				CLANG_WARN_OBJC_ROOT_CLASS = YES_ERROR;
				CLANG_WARN_RANGE_LOOP_ANALYSIS = YES;
				CLANG_WARN_STRICT_PROTOTYPES = YES;
				CLANG_WARN_SUSPICIOUS_MOVE = YES;
				CLANG_WARN_UNGUARDED_AVAILABILITY = YES_AGGRESSIVE;
				CLANG_WARN_UNREACHABLE_CODE = YES;
				CLANG_WARN__DUPLICATE_METHOD_MATCH = YES;
				COPY_PHASE_STRIP = NO;
				DEBUG_INFORMATION_FORMAT = dwarf;
				ENABLE_STRICT_OBJC_MSGSEND = YES;
				ENABLE_TESTABILITY = YES;
				GCC_C_LANGUAGE_STANDARD = gnu11;
				GCC_DYNAMIC_NO_PIC = NO;
				GCC_NO_COMMON_BLOCKS = YES;
				GCC_OPTIMIZATION_LEVEL = 0;
				GCC_PREPROCESSOR_DEFINITIONS = (
					"DEBUG=1",
					"$(inherited)",
				);
				GCC_WARN_64_TO_32_BIT_CONVERSION = YES;
				GCC_WARN_ABOUT_RETURN_TYPE = YES_ERROR;
				GCC_WARN_UNDECLARED_SELECTOR = YES;
				GCC_WARN_UNINITIALIZED_AUTOS = YES_AGGRESSIVE;
				GCC_WARN_UNUSED_FUNCTION = YES;
				GCC_WARN_UNUSED_VARIABLE = YES;
				IPHONEOS_DEPLOYMENT_TARGET = 13.5;
				MTL_ENABLE_DEBUG_INFO = INCLUDE_SOURCE;
				MTL_FAST_MATH = YES;
				ONLY_ACTIVE_ARCH = YES;
				SDKROOT = iphoneos;
				SWIFT_ACTIVE_COMPILATION_CONDITIONS = DEBUG;
				SWIFT_OPTIMIZATION_LEVEL = "-Onone";
			};
			name = Debug;
		};
		E2EE666024C386B90072EA11 /* Release */ = {
			isa = XCBuildConfiguration;
			buildSettings = {
				ALWAYS_SEARCH_USER_PATHS = NO;
				CLANG_ANALYZER_NONNULL = YES;
				CLANG_ANALYZER_NUMBER_OBJECT_CONVERSION = YES_AGGRESSIVE;
				CLANG_CXX_LANGUAGE_STANDARD = "gnu++14";
				CLANG_CXX_LIBRARY = "libc++";
				CLANG_ENABLE_MODULES = YES;
				CLANG_ENABLE_OBJC_ARC = YES;
				CLANG_ENABLE_OBJC_WEAK = YES;
				CLANG_WARN_BLOCK_CAPTURE_AUTORELEASING = YES;
				CLANG_WARN_BOOL_CONVERSION = YES;
				CLANG_WARN_COMMA = YES;
				CLANG_WARN_CONSTANT_CONVERSION = YES;
				CLANG_WARN_DEPRECATED_OBJC_IMPLEMENTATIONS = YES;
				CLANG_WARN_DIRECT_OBJC_ISA_USAGE = YES_ERROR;
				CLANG_WARN_DOCUMENTATION_COMMENTS = YES;
				CLANG_WARN_EMPTY_BODY = YES;
				CLANG_WARN_ENUM_CONVERSION = YES;
				CLANG_WARN_INFINITE_RECURSION = YES;
				CLANG_WARN_INT_CONVERSION = YES;
				CLANG_WARN_NON_LITERAL_NULL_CONVERSION = YES;
				CLANG_WARN_OBJC_IMPLICIT_RETAIN_SELF = YES;
				CLANG_WARN_OBJC_LITERAL_CONVERSION = YES;
				CLANG_WARN_OBJC_ROOT_CLASS = YES_ERROR;
				CLANG_WARN_RANGE_LOOP_ANALYSIS = YES;
				CLANG_WARN_STRICT_PROTOTYPES = YES;
				CLANG_WARN_SUSPICIOUS_MOVE = YES;
				CLANG_WARN_UNGUARDED_AVAILABILITY = YES_AGGRESSIVE;
				CLANG_WARN_UNREACHABLE_CODE = YES;
				CLANG_WARN__DUPLICATE_METHOD_MATCH = YES;
				COPY_PHASE_STRIP = NO;
				DEBUG_INFORMATION_FORMAT = "dwarf-with-dsym";
				ENABLE_NS_ASSERTIONS = NO;
				ENABLE_STRICT_OBJC_MSGSEND = YES;
				GCC_C_LANGUAGE_STANDARD = gnu11;
				GCC_NO_COMMON_BLOCKS = YES;
				GCC_WARN_64_TO_32_BIT_CONVERSION = YES;
				GCC_WARN_ABOUT_RETURN_TYPE = YES_ERROR;
				GCC_WARN_UNDECLARED_SELECTOR = YES;
				GCC_WARN_UNINITIALIZED_AUTOS = YES_AGGRESSIVE;
				GCC_WARN_UNUSED_FUNCTION = YES;
				GCC_WARN_UNUSED_VARIABLE = YES;
				IPHONEOS_DEPLOYMENT_TARGET = 13.5;
				MTL_ENABLE_DEBUG_INFO = NO;
				MTL_FAST_MATH = YES;
				SDKROOT = iphoneos;
				SWIFT_COMPILATION_MODE = wholemodule;
				SWIFT_OPTIMIZATION_LEVEL = "-O";
				VALIDATE_PRODUCT = YES;
			};
			name = Release;
		};
		E2EE666224C386B90072EA11 /* Debug */ = {
			isa = XCBuildConfiguration;
			buildSettings = {
				ASSETCATALOG_COMPILER_APPICON_NAME = AppIcon;
				CODE_SIGN_STYLE = Automatic;
				DEVELOPMENT_TEAM = D6W35JF33G;
				FRAMEWORK_SEARCH_PATHS = (
					"$(inherited)",
					"$(PROJECT_DIR)/Carthage/Build/iOS",
				);
				INFOPLIST_FILE = ImageDownloader/Info.plist;
				LD_RUNPATH_SEARCH_PATHS = (
					"$(inherited)",
					"@executable_path/Frameworks",
				);
				PRODUCT_BUNDLE_IDENTIFIER = product.Image;
				PRODUCT_NAME = "$(TARGET_NAME)";
				SWIFT_VERSION = 5.0;
				TARGETED_DEVICE_FAMILY = "1,2";
			};
			name = Debug;
		};
		E2EE666324C386B90072EA11 /* Release */ = {
			isa = XCBuildConfiguration;
			buildSettings = {
				ASSETCATALOG_COMPILER_APPICON_NAME = AppIcon;
				CODE_SIGN_STYLE = Automatic;
				DEVELOPMENT_TEAM = D6W35JF33G;
				FRAMEWORK_SEARCH_PATHS = (
					"$(inherited)",
					"$(PROJECT_DIR)/Carthage/Build/iOS",
				);
				INFOPLIST_FILE = ImageDownloader/Info.plist;
				LD_RUNPATH_SEARCH_PATHS = (
					"$(inherited)",
					"@executable_path/Frameworks",
				);
				PRODUCT_BUNDLE_IDENTIFIER = product.Image;
				PRODUCT_NAME = "$(TARGET_NAME)";
				SWIFT_VERSION = 5.0;
				TARGETED_DEVICE_FAMILY = "1,2";
			};
			name = Release;
		};
		E2EE666524C386B90072EA11 /* Debug */ = {
			isa = XCBuildConfiguration;
			buildSettings = {
				ALWAYS_EMBED_SWIFT_STANDARD_LIBRARIES = YES;
				BUNDLE_LOADER = "$(TEST_HOST)";
				CODE_SIGN_STYLE = Automatic;
				DEVELOPMENT_TEAM = 7D3Z5CX5PT;
				INFOPLIST_FILE = ImageDownloaderTests/Info.plist;
				IPHONEOS_DEPLOYMENT_TARGET = 13.5;
				LD_RUNPATH_SEARCH_PATHS = (
					"$(inherited)",
					"@executable_path/Frameworks",
					"@loader_path/Frameworks",
				);
				PRODUCT_BUNDLE_IDENTIFIER = product.ImageDownloaderTests;
				PRODUCT_NAME = "$(TARGET_NAME)";
				SWIFT_VERSION = 5.0;
				TARGETED_DEVICE_FAMILY = "1,2";
				TEST_HOST = "$(BUILT_PRODUCTS_DIR)/ImageDownloader.app/ImageDownloader";
			};
			name = Debug;
		};
		E2EE666624C386B90072EA11 /* Release */ = {
			isa = XCBuildConfiguration;
			buildSettings = {
				ALWAYS_EMBED_SWIFT_STANDARD_LIBRARIES = YES;
				BUNDLE_LOADER = "$(TEST_HOST)";
				CODE_SIGN_STYLE = Automatic;
				DEVELOPMENT_TEAM = 7D3Z5CX5PT;
				INFOPLIST_FILE = ImageDownloaderTests/Info.plist;
				IPHONEOS_DEPLOYMENT_TARGET = 13.5;
				LD_RUNPATH_SEARCH_PATHS = (
					"$(inherited)",
					"@executable_path/Frameworks",
					"@loader_path/Frameworks",
				);
				PRODUCT_BUNDLE_IDENTIFIER = product.ImageDownloaderTests;
				PRODUCT_NAME = "$(TARGET_NAME)";
				SWIFT_VERSION = 5.0;
				TARGETED_DEVICE_FAMILY = "1,2";
				TEST_HOST = "$(BUILT_PRODUCTS_DIR)/ImageDownloader.app/ImageDownloader";
			};
			name = Release;
		};
		E2EE666824C386B90072EA11 /* Debug */ = {
			isa = XCBuildConfiguration;
			buildSettings = {
				ALWAYS_EMBED_SWIFT_STANDARD_LIBRARIES = YES;
				CODE_SIGN_STYLE = Automatic;
				DEVELOPMENT_TEAM = 7D3Z5CX5PT;
				INFOPLIST_FILE = ImageDownloaderUITests/Info.plist;
				LD_RUNPATH_SEARCH_PATHS = (
					"$(inherited)",
					"@executable_path/Frameworks",
					"@loader_path/Frameworks",
				);
				PRODUCT_BUNDLE_IDENTIFIER = product.ImageDownloaderUITests;
				PRODUCT_NAME = "$(TARGET_NAME)";
				SWIFT_VERSION = 5.0;
				TARGETED_DEVICE_FAMILY = "1,2";
				TEST_TARGET_NAME = ImageDownloader;
			};
			name = Debug;
		};
		E2EE666924C386B90072EA11 /* Release */ = {
			isa = XCBuildConfiguration;
			buildSettings = {
				ALWAYS_EMBED_SWIFT_STANDARD_LIBRARIES = YES;
				CODE_SIGN_STYLE = Automatic;
				DEVELOPMENT_TEAM = 7D3Z5CX5PT;
				INFOPLIST_FILE = ImageDownloaderUITests/Info.plist;
				LD_RUNPATH_SEARCH_PATHS = (
					"$(inherited)",
					"@executable_path/Frameworks",
					"@loader_path/Frameworks",
				);
				PRODUCT_BUNDLE_IDENTIFIER = product.ImageDownloaderUITests;
				PRODUCT_NAME = "$(TARGET_NAME)";
				SWIFT_VERSION = 5.0;
				TARGETED_DEVICE_FAMILY = "1,2";
				TEST_TARGET_NAME = ImageDownloader;
			};
			name = Release;
		};
/* End XCBuildConfiguration section */

/* Begin XCConfigurationList section */
		E2EE662F24C386B40072EA11 /* Build configuration list for PBXProject "ImageDownloader" */ = {
			isa = XCConfigurationList;
			buildConfigurations = (
				E2EE665F24C386B90072EA11 /* Debug */,
				E2EE666024C386B90072EA11 /* Release */,
			);
			defaultConfigurationIsVisible = 0;
			defaultConfigurationName = Release;
		};
		E2EE666124C386B90072EA11 /* Build configuration list for PBXNativeTarget "ImageDownloader" */ = {
			isa = XCConfigurationList;
			buildConfigurations = (
				E2EE666224C386B90072EA11 /* Debug */,
				E2EE666324C386B90072EA11 /* Release */,
			);
			defaultConfigurationIsVisible = 0;
			defaultConfigurationName = Release;
		};
		E2EE666424C386B90072EA11 /* Build configuration list for PBXNativeTarget "ImageDownloaderTests" */ = {
			isa = XCConfigurationList;
			buildConfigurations = (
				E2EE666524C386B90072EA11 /* Debug */,
				E2EE666624C386B90072EA11 /* Release */,
			);
			defaultConfigurationIsVisible = 0;
			defaultConfigurationName = Release;
		};
		E2EE666724C386B90072EA11 /* Build configuration list for PBXNativeTarget "ImageDownloaderUITests" */ = {
			isa = XCConfigurationList;
			buildConfigurations = (
				E2EE666824C386B90072EA11 /* Debug */,
				E2EE666924C386B90072EA11 /* Release */,
			);
			defaultConfigurationIsVisible = 0;
			defaultConfigurationName = Release;
		};
/* End XCConfigurationList section */

/* Begin XCVersionGroup section */
		E2EE664024C386B40072EA11 /* ImageDownloader.xcdatamodeld */ = {
			isa = XCVersionGroup;
			children = (
				E2EE664124C386B40072EA11 /* ImageDownloader.xcdatamodel */,
			);
			currentVersion = E2EE664124C386B40072EA11 /* ImageDownloader.xcdatamodel */;
			path = ImageDownloader.xcdatamodeld;
			sourceTree = "<group>";
			versionGroupType = wrapper.xcdatamodel;
		};
/* End XCVersionGroup section */
	};
	rootObject = E2EE662C24C386B40072EA11 /* Project object */;
}
